// !$*UTF8*$!
{
	archiveVersion = 1;
	classes = {
	};
	objectVersion = 55;
	objects = {

/* Begin PBXBuildFile section */
		9C50C6CC271D6B7000611A51 /* LandmarksApp.swift in Sources */ = {isa = PBXBuildFile; fileRef = 9C50C6CB271D6B7000611A51 /* LandmarksApp.swift */; };
		9C50C6CE271D6B7000611A51 /* ContentView.swift in Sources */ = {isa = PBXBuildFile; fileRef = 9C50C6CD271D6B7000611A51 /* ContentView.swift */; };
		9C50C6D0271D6B7200611A51 /* Assets.xcassets in Resources */ = {isa = PBXBuildFile; fileRef = 9C50C6CF271D6B7200611A51 /* Assets.xcassets */; };
		9C50C6D3271D6B7200611A51 /* Preview Assets.xcassets in Resources */ = {isa = PBXBuildFile; fileRef = 9C50C6D2271D6B7200611A51 /* Preview Assets.xcassets */; };
		9C50C6DD271D6B7200611A51 /* LandmarksTests.swift in Sources */ = {isa = PBXBuildFile; fileRef = 9C50C6DC271D6B7200611A51 /* LandmarksTests.swift */; };
		9C50C6E7271D6B7200611A51 /* LandmarksUITests.swift in Sources */ = {isa = PBXBuildFile; fileRef = 9C50C6E6271D6B7200611A51 /* LandmarksUITests.swift */; };
		9C50C6E9271D6B7200611A51 /* LandmarksUITestsLaunchTests.swift in Sources */ = {isa = PBXBuildFile; fileRef = 9C50C6E8271D6B7200611A51 /* LandmarksUITestsLaunchTests.swift */; };
		9C50C6F6271D7FD600611A51 /* CircleImage.swift in Sources */ = {isa = PBXBuildFile; fileRef = 9C50C6F5271D7FD600611A51 /* CircleImage.swift */; };
		9C50C6F7271D7FD600611A51 /* CircleImage.swift in Sources */ = {isa = PBXBuildFile; fileRef = 9C50C6F5271D7FD600611A51 /* CircleImage.swift */; };
		9C50C6F8271D7FD600611A51 /* CircleImage.swift in Sources */ = {isa = PBXBuildFile; fileRef = 9C50C6F5271D7FD600611A51 /* CircleImage.swift */; };
		9C50C6FA271D851200611A51 /* MapView.swift in Sources */ = {isa = PBXBuildFile; fileRef = 9C50C6F9271D851200611A51 /* MapView.swift */; };
		9C50C6FB271D851200611A51 /* MapView.swift in Sources */ = {isa = PBXBuildFile; fileRef = 9C50C6F9271D851200611A51 /* MapView.swift */; };
		9C50C6FC271D851200611A51 /* MapView.swift in Sources */ = {isa = PBXBuildFile; fileRef = 9C50C6F9271D851200611A51 /* MapView.swift */; };
/* End PBXBuildFile section */

/* Begin PBXContainerItemProxy section */
		9C50C6D9271D6B7200611A51 /* PBXContainerItemProxy */ = {
			isa = PBXContainerItemProxy;
			containerPortal = 9C50C6C0271D6B7000611A51 /* Project object */;
			proxyType = 1;
			remoteGlobalIDString = 9C50C6C7271D6B7000611A51;
			remoteInfo = Landmarks;
		};
		9C50C6E3271D6B7200611A51 /* PBXContainerItemProxy */ = {
			isa = PBXContainerItemProxy;
			containerPortal = 9C50C6C0271D6B7000611A51 /* Project object */;
			proxyType = 1;
			remoteGlobalIDString = 9C50C6C7271D6B7000611A51;
			remoteInfo = Landmarks;
		};
/* End PBXContainerItemProxy section */

/* Begin PBXFileReference section */
		9C50C6C8271D6B7000611A51 /* Landmarks.app */ = {isa = PBXFileReference; explicitFileType = wrapper.application; includeInIndex = 0; path = Landmarks.app; sourceTree = BUILT_PRODUCTS_DIR; };
		9C50C6CB271D6B7000611A51 /* LandmarksApp.swift */ = {isa = PBXFileReference; lastKnownFileType = sourcecode.swift; path = LandmarksApp.swift; sourceTree = "<group>"; };
		9C50C6CD271D6B7000611A51 /* ContentView.swift */ = {isa = PBXFileReference; lastKnownFileType = sourcecode.swift; path = ContentView.swift; sourceTree = "<group>"; };
		9C50C6CF271D6B7200611A51 /* Assets.xcassets */ = {isa = PBXFileReference; lastKnownFileType = folder.assetcatalog; path = Assets.xcassets; sourceTree = "<group>"; };
		9C50C6D2271D6B7200611A51 /* Preview Assets.xcassets */ = {isa = PBXFileReference; lastKnownFileType = folder.assetcatalog; path = "Preview Assets.xcassets"; sourceTree = "<group>"; };
		9C50C6D8271D6B7200611A51 /* LandmarksTests.xctest */ = {isa = PBXFileReference; explicitFileType = wrapper.cfbundle; includeInIndex = 0; path = LandmarksTests.xctest; sourceTree = BUILT_PRODUCTS_DIR; };
		9C50C6DC271D6B7200611A51 /* LandmarksTests.swift */ = {isa = PBXFileReference; lastKnownFileType = sourcecode.swift; path = LandmarksTests.swift; sourceTree = "<group>"; };
		9C50C6E2271D6B7200611A51 /* LandmarksUITests.xctest */ = {isa = PBXFileReference; explicitFileType = wrapper.cfbundle; includeInIndex = 0; path = LandmarksUITests.xctest; sourceTree = BUILT_PRODUCTS_DIR; };
		9C50C6E6271D6B7200611A51 /* LandmarksUITests.swift */ = {isa = PBXFileReference; lastKnownFileType = sourcecode.swift; path = LandmarksUITests.swift; sourceTree = "<group>"; };
		9C50C6E8271D6B7200611A51 /* LandmarksUITestsLaunchTests.swift */ = {isa = PBXFileReference; lastKnownFileType = sourcecode.swift; path = LandmarksUITestsLaunchTests.swift; sourceTree = "<group>"; };
		9C50C6F5271D7FD600611A51 /* CircleImage.swift */ = {isa = PBXFileReference; lastKnownFileType = sourcecode.swift; path = CircleImage.swift; sourceTree = "<group>"; };
		9C50C6F9271D851200611A51 /* MapView.swift */ = {isa = PBXFileReference; lastKnownFileType = sourcecode.swift; path = MapView.swift; sourceTree = "<group>"; };
/* End PBXFileReference section */

/* Begin PBXFrameworksBuildPhase section */
		9C50C6C5271D6B7000611A51 /* Frameworks */ = {
			isa = PBXFrameworksBuildPhase;
			buildActionMask = 2147483647;
			files = (
			);
			runOnlyForDeploymentPostprocessing = 0;
		};
		9C50C6D5271D6B7200611A51 /* Frameworks */ = {
			isa = PBXFrameworksBuildPhase;
			buildActionMask = 2147483647;
			files = (
			);
			runOnlyForDeploymentPostprocessing = 0;
		};
		9C50C6DF271D6B7200611A51 /* Frameworks */ = {
			isa = PBXFrameworksBuildPhase;
			buildActionMask = 2147483647;
			files = (
			);
			runOnlyForDeploymentPostprocessing = 0;
		};
/* End PBXFrameworksBuildPhase section */

/* Begin PBXGroup section */
		9C50C6BF271D6B7000611A51 = {
			isa = PBXGroup;
			children = (
				9C50C6CA271D6B7000611A51 /* Landmarks */,
				9C50C6DB271D6B7200611A51 /* LandmarksTests */,
				9C50C6E5271D6B7200611A51 /* LandmarksUITests */,
				9C50C6C9271D6B7000611A51 /* Products */,
			);
			sourceTree = "<group>";
		};
		9C50C6C9271D6B7000611A51 /* Products */ = {
			isa = PBXGroup;
			children = (
				9C50C6C8271D6B7000611A51 /* Landmarks.app */,
				9C50C6D8271D6B7200611A51 /* LandmarksTests.xctest */,
				9C50C6E2271D6B7200611A51 /* LandmarksUITests.xctest */,
			);
			name = Products;
			sourceTree = "<group>";
		};
		9C50C6CA271D6B7000611A51 /* Landmarks */ = {
			isa = PBXGroup;
			children = (
				9C50C6CB271D6B7000611A51 /* LandmarksApp.swift */,
				9C50C6CD271D6B7000611A51 /* ContentView.swift */,
				9C50C6F5271D7FD600611A51 /* CircleImage.swift */,
				9C50C6F9271D851200611A51 /* MapView.swift */,
				9C50C6CF271D6B7200611A51 /* Assets.xcassets */,
				9C50C6D1271D6B7200611A51 /* Preview Content */,
			);
			path = Landmarks;
			sourceTree = "<group>";
		};
		9C50C6D1271D6B7200611A51 /* Preview Content */ = {
			isa = PBXGroup;
			children = (
				9C50C6D2271D6B7200611A51 /* Preview Assets.xcassets */,
			);
			path = "Preview Content";
			sourceTree = "<group>";
		};
		9C50C6DB271D6B7200611A51 /* LandmarksTests */ = {
			isa = PBXGroup;
			children = (
				9C50C6DC271D6B7200611A51 /* LandmarksTests.swift */,
			);
			path = LandmarksTests;
			sourceTree = "<group>";
		};
		9C50C6E5271D6B7200611A51 /* LandmarksUITests */ = {
			isa = PBXGroup;
			children = (
				9C50C6E6271D6B7200611A51 /* LandmarksUITests.swift */,
				9C50C6E8271D6B7200611A51 /* LandmarksUITestsLaunchTests.swift */,
			);
			path = LandmarksUITests;
			sourceTree = "<group>";
		};
/* End PBXGroup section */

/* Begin PBXNativeTarget section */
		9C50C6C7271D6B7000611A51 /* Landmarks */ = {
			isa = PBXNativeTarget;
			buildConfigurationList = 9C50C6EC271D6B7200611A51 /* Build configuration list for PBXNativeTarget "Landmarks" */;
			buildPhases = (
				9C50C6C4271D6B7000611A51 /* Sources */,
				9C50C6C5271D6B7000611A51 /* Frameworks */,
				9C50C6C6271D6B7000611A51 /* Resources */,
			);
			buildRules = (
			);
			dependencies = (
			);
			name = Landmarks;
			productName = Landmarks;
			productReference = 9C50C6C8271D6B7000611A51 /* Landmarks.app */;
			productType = "com.apple.product-type.application";
		};
		9C50C6D7271D6B7200611A51 /* LandmarksTests */ = {
			isa = PBXNativeTarget;
			buildConfigurationList = 9C50C6EF271D6B7200611A51 /* Build configuration list for PBXNativeTarget "LandmarksTests" */;
			buildPhases = (
				9C50C6D4271D6B7200611A51 /* Sources */,
				9C50C6D5271D6B7200611A51 /* Frameworks */,
				9C50C6D6271D6B7200611A51 /* Resources */,
			);
			buildRules = (
			);
			dependencies = (
				9C50C6DA271D6B7200611A51 /* PBXTargetDependency */,
			);
			name = LandmarksTests;
			productName = LandmarksTests;
			productReference = 9C50C6D8271D6B7200611A51 /* LandmarksTests.xctest */;
			productType = "com.apple.product-type.bundle.unit-test";
		};
		9C50C6E1271D6B7200611A51 /* LandmarksUITests */ = {
			isa = PBXNativeTarget;
			buildConfigurationList = 9C50C6F2271D6B7200611A51 /* Build configuration list for PBXNativeTarget "LandmarksUITests" */;
			buildPhases = (
				9C50C6DE271D6B7200611A51 /* Sources */,
				9C50C6DF271D6B7200611A51 /* Frameworks */,
				9C50C6E0271D6B7200611A51 /* Resources */,
			);
			buildRules = (
			);
			dependencies = (
				9C50C6E4271D6B7200611A51 /* PBXTargetDependency */,
			);
			name = LandmarksUITests;
			productName = LandmarksUITests;
			productReference = 9C50C6E2271D6B7200611A51 /* LandmarksUITests.xctest */;
			productType = "com.apple.product-type.bundle.ui-testing";
		};
/* End PBXNativeTarget section */

/* Begin PBXProject section */
		9C50C6C0271D6B7000611A51 /* Project object */ = {
			isa = PBXProject;
			attributes = {
				BuildIndependentTargetsInParallel = 1;
				LastSwiftUpdateCheck = 1300;
				LastUpgradeCheck = 1300;
				TargetAttributes = {
					9C50C6C7271D6B7000611A51 = {
						CreatedOnToolsVersion = 13.0;
					};
					9C50C6D7271D6B7200611A51 = {
						CreatedOnToolsVersion = 13.0;
						TestTargetID = 9C50C6C7271D6B7000611A51;
					};
					9C50C6E1271D6B7200611A51 = {
						CreatedOnToolsVersion = 13.0;
						TestTargetID = 9C50C6C7271D6B7000611A51;
					};
				};
			};
			buildConfigurationList = 9C50C6C3271D6B7000611A51 /* Build configuration list for PBXProject "Landmarks" */;
			compatibilityVersion = "Xcode 13.0";
			developmentRegion = en;
			hasScannedForEncodings = 0;
			knownRegions = (
				en,
				Base,
			);
			mainGroup = 9C50C6BF271D6B7000611A51;
			productRefGroup = 9C50C6C9271D6B7000611A51 /* Products */;
			projectDirPath = "";
			projectRoot = "";
			targets = (
				9C50C6C7271D6B7000611A51 /* Landmarks */,
				9C50C6D7271D6B7200611A51 /* LandmarksTests */,
				9C50C6E1271D6B7200611A51 /* LandmarksUITests */,
			);
		};
/* End PBXProject section */

/* Begin PBXResourcesBuildPhase section */
		9C50C6C6271D6B7000611A51 /* Resources */ = {
			isa = PBXResourcesBuildPhase;
			buildActionMask = 2147483647;
			files = (
				9C50C6D3271D6B7200611A51 /* Preview Assets.xcassets in Resources */,
				9C50C6D0271D6B7200611A51 /* Assets.xcassets in Resources */,
			);
			runOnlyForDeploymentPostprocessing = 0;
		};
		9C50C6D6271D6B7200611A51 /* Resources */ = {
			isa = PBXResourcesBuildPhase;
			buildActionMask = 2147483647;
			files = (
			);
			runOnlyForDeploymentPostprocessing = 0;
		};
		9C50C6E0271D6B7200611A51 /* Resources */ = {
			isa = PBXResourcesBuildPhase;
			buildActionMask = 2147483647;
			files = (
			);
			runOnlyForDeploymentPostprocessing = 0;
		};
/* End PBXResourcesBuildPhase section */

/* Begin PBXSourcesBuildPhase section */
		9C50C6C4271D6B7000611A51 /* Sources */ = {
			isa = PBXSourcesBuildPhase;
			buildActionMask = 2147483647;
			files = (
				9C50C6CE271D6B7000611A51 /* ContentView.swift in Sources */,
				9C50C6FA271D851200611A51 /* MapView.swift in Sources */,
				9C50C6CC271D6B7000611A51 /* LandmarksApp.swift in Sources */,
				9C50C6F6271D7FD600611A51 /* CircleImage.swift in Sources */,
			);
			runOnlyForDeploymentPostprocessing = 0;
		};
		9C50C6D4271D6B7200611A51 /* Sources */ = {
			isa = PBXSourcesBuildPhase;
			buildActionMask = 2147483647;
			files = (
				9C50C6DD271D6B7200611A51 /* LandmarksTests.swift in Sources */,
				9C50C6FB271D851200611A51 /* MapView.swift in Sources */,
				9C50C6F7271D7FD600611A51 /* CircleImage.swift in Sources */,
			);
			runOnlyForDeploymentPostprocessing = 0;
		};
		9C50C6DE271D6B7200611A51 /* Sources */ = {
			isa = PBXSourcesBuildPhase;
			buildActionMask = 2147483647;
			files = (
				9C50C6E9271D6B7200611A51 /* LandmarksUITestsLaunchTests.swift in Sources */,
				9C50C6FC271D851200611A51 /* MapView.swift in Sources */,
				9C50C6E7271D6B7200611A51 /* LandmarksUITests.swift in Sources */,
				9C50C6F8271D7FD600611A51 /* CircleImage.swift in Sources */,
			);
			runOnlyForDeploymentPostprocessing = 0;
		};
/* End PBXSourcesBuildPhase section */

/* Begin PBXTargetDependency section */
		9C50C6DA271D6B7200611A51 /* PBXTargetDependency */ = {
			isa = PBXTargetDependency;
			target = 9C50C6C7271D6B7000611A51 /* Landmarks */;
			targetProxy = 9C50C6D9271D6B7200611A51 /* PBXContainerItemProxy */;
		};
		9C50C6E4271D6B7200611A51 /* PBXTargetDependency */ = {
			isa = PBXTargetDependency;
			target = 9C50C6C7271D6B7000611A51 /* Landmarks */;
			targetProxy = 9C50C6E3271D6B7200611A51 /* PBXContainerItemProxy */;
		};
/* End PBXTargetDependency section */

/* Begin XCBuildConfiguration section */
		9C50C6EA271D6B7200611A51 /* Debug */ = {
			isa = XCBuildConfiguration;
			buildSettings = {
				ALWAYS_SEARCH_USER_PATHS = NO;
				CLANG_ANALYZER_NONNULL = YES;
				CLANG_ANALYZER_NUMBER_OBJECT_CONVERSION = YES_AGGRESSIVE;
				CLANG_CXX_LANGUAGE_STANDARD = "gnu++17";
				CLANG_CXX_LIBRARY = "libc++";
				CLANG_ENABLE_MODULES = YES;
				CLANG_ENABLE_OBJC_ARC = YES;
				CLANG_ENABLE_OBJC_WEAK = YES;
				CLANG_WARN_BLOCK_CAPTURE_AUTORELEASING = YES;
				CLANG_WARN_BOOL_CONVERSION = YES;
				CLANG_WARN_COMMA = YES;
				CLANG_WARN_CONSTANT_CONVERSION = YES;
				CLANG_WARN_DEPRECATED_OBJC_IMPLEMENTATIONS = YES;
				CLANG_WARN_DIRECT_OBJC_ISA_USAGE = YES_ERROR;
				CLANG_WARN_DOCUMENTATION_COMMENTS = YES;
				CLANG_WARN_EMPTY_BODY = YES;
				CLANG_WARN_ENUM_CONVERSION = YES;
				CLANG_WARN_INFINITE_RECURSION = YES;
				CLANG_WARN_INT_CONVERSION = YES;
				CLANG_WARN_NON_LITERAL_NULL_CONVERSION = YES;
				CLANG_WARN_OBJC_IMPLICIT_RETAIN_SELF = YES;
				CLANG_WARN_OBJC_LITERAL_CONVERSION = YES;
				CLANG_WARN_OBJC_ROOT_CLASS = YES_ERROR;
				CLANG_WARN_QUOTED_INCLUDE_IN_FRAMEWORK_HEADER = YES;
				CLANG_WARN_RANGE_LOOP_ANALYSIS = YES;
				CLANG_WARN_STRICT_PROTOTYPES = YES;
				CLANG_WARN_SUSPICIOUS_MOVE = YES;
				CLANG_WARN_UNGUARDED_AVAILABILITY = YES_AGGRESSIVE;
				CLANG_WARN_UNREACHABLE_CODE = YES;
				CLANG_WARN__DUPLICATE_METHOD_MATCH = YES;
				COPY_PHASE_STRIP = NO;
				DEBUG_INFORMATION_FORMAT = dwarf;
				ENABLE_STRICT_OBJC_MSGSEND = YES;
				ENABLE_TESTABILITY = YES;
				GCC_C_LANGUAGE_STANDARD = gnu11;
				GCC_DYNAMIC_NO_PIC = NO;
				GCC_NO_COMMON_BLOCKS = YES;
				GCC_OPTIMIZATION_LEVEL = 0;
				GCC_PREPROCESSOR_DEFINITIONS = (
					"DEBUG=1",
					"$(inherited)",
				);
				GCC_WARN_64_TO_32_BIT_CONVERSION = YES;
				GCC_WARN_ABOUT_RETURN_TYPE = YES_ERROR;
				GCC_WARN_UNDECLARED_SELECTOR = YES;
				GCC_WARN_UNINITIALIZED_AUTOS = YES_AGGRESSIVE;
				GCC_WARN_UNUSED_FUNCTION = YES;
				GCC_WARN_UNUSED_VARIABLE = YES;
				IPHONEOS_DEPLOYMENT_TARGET = 15.0;
				MTL_ENABLE_DEBUG_INFO = INCLUDE_SOURCE;
				MTL_FAST_MATH = YES;
				ONLY_ACTIVE_ARCH = YES;
				SDKROOT = iphoneos;
				SWIFT_ACTIVE_COMPILATION_CONDITIONS = DEBUG;
				SWIFT_OPTIMIZATION_LEVEL = "-Onone";
			};
			name = Debug;
		};
		9C50C6EB271D6B7200611A51 /* Release */ = {
			isa = XCBuildConfiguration;
			buildSettings = {
				ALWAYS_SEARCH_USER_PATHS = NO;
				CLANG_ANALYZER_NONNULL = YES;
				CLANG_ANALYZER_NUMBER_OBJECT_CONVERSION = YES_AGGRESSIVE;
				CLANG_CXX_LANGUAGE_STANDARD = "gnu++17";
				CLANG_CXX_LIBRARY = "libc++";
				CLANG_ENABLE_MODULES = YES;
				CLANG_ENABLE_OBJC_ARC = YES;
				CLANG_ENABLE_OBJC_WEAK = YES;
				CLANG_WARN_BLOCK_CAPTURE_AUTORELEASING = YES;
				CLANG_WARN_BOOL_CONVERSION = YES;
				CLANG_WARN_COMMA = YES;
				CLANG_WARN_CONSTANT_CONVERSION = YES;
				CLANG_WARN_DEPRECATED_OBJC_IMPLEMENTATIONS = YES;
				CLANG_WARN_DIRECT_OBJC_ISA_USAGE = YES_ERROR;
				CLANG_WARN_DOCUMENTATION_COMMENTS = YES;
				CLANG_WARN_EMPTY_BODY = YES;
				CLANG_WARN_ENUM_CONVERSION = YES;
				CLANG_WARN_INFINITE_RECURSION = YES;
				CLANG_WARN_INT_CONVERSION = YES;
				CLANG_WARN_NON_LITERAL_NULL_CONVERSION = YES;
				CLANG_WARN_OBJC_IMPLICIT_RETAIN_SELF = YES;
				CLANG_WARN_OBJC_LITERAL_CONVERSION = YES;
				CLANG_WARN_OBJC_ROOT_CLASS = YES_ERROR;
				CLANG_WARN_QUOTED_INCLUDE_IN_FRAMEWORK_HEADER = YES;
				CLANG_WARN_RANGE_LOOP_ANALYSIS = YES;
				CLANG_WARN_STRICT_PROTOTYPES = YES;
				CLANG_WARN_SUSPICIOUS_MOVE = YES;
				CLANG_WARN_UNGUARDED_AVAILABILITY = YES_AGGRESSIVE;
				CLANG_WARN_UNREACHABLE_CODE = YES;
				CLANG_WARN__DUPLICATE_METHOD_MATCH = YES;
				COPY_PHASE_STRIP = NO;
				DEBUG_INFORMATION_FORMAT = "dwarf-with-dsym";
				ENABLE_NS_ASSERTIONS = NO;
				ENABLE_STRICT_OBJC_MSGSEND = YES;
				GCC_C_LANGUAGE_STANDARD = gnu11;
				GCC_NO_COMMON_BLOCKS = YES;
				GCC_WARN_64_TO_32_BIT_CONVERSION = YES;
				GCC_WARN_ABOUT_RETURN_TYPE = YES_ERROR;
				GCC_WARN_UNDECLARED_SELECTOR = YES;
				GCC_WARN_UNINITIALIZED_AUTOS = YES_AGGRESSIVE;
				GCC_WARN_UNUSED_FUNCTION = YES;
				GCC_WARN_UNUSED_VARIABLE = YES;
				IPHONEOS_DEPLOYMENT_TARGET = 15.0;
				MTL_ENABLE_DEBUG_INFO = NO;
				MTL_FAST_MATH = YES;
				SDKROOT = iphoneos;
				SWIFT_COMPILATION_MODE = wholemodule;
				SWIFT_OPTIMIZATION_LEVEL = "-O";
				VALIDATE_PRODUCT = YES;
			};
			name = Release;
		};
		9C50C6ED271D6B7200611A51 /* Debug */ = {
			isa = XCBuildConfiguration;
			buildSettings = {
				ASSETCATALOG_COMPILER_APPICON_NAME = AppIcon;
				ASSETCATALOG_COMPILER_GLOBAL_ACCENT_COLOR_NAME = AccentColor;
				CODE_SIGN_STYLE = Automatic;
				CURRENT_PROJECT_VERSION = 1;
				DEVELOPMENT_ASSET_PATHS = "\"Landmarks/Preview Content\"";
				DEVELOPMENT_TEAM = AJZ2G6CWG5;
				ENABLE_PREVIEWS = YES;
				GENERATE_INFOPLIST_FILE = YES;
				INFOPLIST_KEY_UIApplicationSceneManifest_Generation = YES;
				INFOPLIST_KEY_UIApplicationSupportsIndirectInputEvents = YES;
				INFOPLIST_KEY_UILaunchScreen_Generation = YES;
				INFOPLIST_KEY_UISupportedInterfaceOrientations_iPad = "UIInterfaceOrientationPortrait UIInterfaceOrientationPortraitUpsideDown UIInterfaceOrientationLandscapeLeft UIInterfaceOrientationLandscapeRight";
				INFOPLIST_KEY_UISupportedInterfaceOrientations_iPhone = "UIInterfaceOrientationPortrait UIInterfaceOrientationLandscapeLeft UIInterfaceOrientationLandscapeRight";
				IPHONEOS_DEPLOYMENT_TARGET = 14.0;
				LD_RUNPATH_SEARCH_PATHS = (
					"$(inherited)",
					"@executable_path/Frameworks",
				);
				MARKETING_VERSION = 1.0;
				PRODUCT_BUNDLE_IDENTIFIER = com.nukopy.Landmarks;
				PRODUCT_NAME = "$(TARGET_NAME)";
				SWIFT_EMIT_LOC_STRINGS = YES;
				SWIFT_VERSION = 5.0;
				TARGETED_DEVICE_FAMILY = "1,2";
			};
			name = Debug;
		};
		9C50C6EE271D6B7200611A51 /* Release */ = {
			isa = XCBuildConfiguration;
			buildSettings = {
				ASSETCATALOG_COMPILER_APPICON_NAME = AppIcon;
				ASSETCATALOG_COMPILER_GLOBAL_ACCENT_COLOR_NAME = AccentColor;
				CODE_SIGN_STYLE = Automatic;
				CURRENT_PROJECT_VERSION = 1;
				DEVELOPMENT_ASSET_PATHS = "\"Landmarks/Preview Content\"";
				DEVELOPMENT_TEAM = AJZ2G6CWG5;
				ENABLE_PREVIEWS = YES;
				GENERATE_INFOPLIST_FILE = YES;
				INFOPLIST_KEY_UIApplicationSceneManifest_Generation = YES;
				INFOPLIST_KEY_UIApplicationSupportsIndirectInputEvents = YES;
				INFOPLIST_KEY_UILaunchScreen_Generation = YES;
				INFOPLIST_KEY_UISupportedInterfaceOrientations_iPad = "UIInterfaceOrientationPortrait UIInterfaceOrientationPortraitUpsideDown UIInterfaceOrientationLandscapeLeft UIInterfaceOrientationLandscapeRight";
				INFOPLIST_KEY_UISupportedInterfaceOrientations_iPhone = "UIInterfaceOrientationPortrait UIInterfaceOrientationLandscapeLeft UIInterfaceOrientationLandscapeRight";
				IPHONEOS_DEPLOYMENT_TARGET = 14.0;
				LD_RUNPATH_SEARCH_PATHS = (
					"$(inherited)",
					"@executable_path/Frameworks",
				);
				MARKETING_VERSION = 1.0;
				PRODUCT_BUNDLE_IDENTIFIER = com.nukopy.Landmarks;
				PRODUCT_NAME = "$(TARGET_NAME)";
				SWIFT_EMIT_LOC_STRINGS = YES;
				SWIFT_VERSION = 5.0;
				TARGETED_DEVICE_FAMILY = "1,2";
			};
			name = Release;
		};
		9C50C6F0271D6B7200611A51 /* Debug */ = {
			isa = XCBuildConfiguration;
			buildSettings = {
				ALWAYS_EMBED_SWIFT_STANDARD_LIBRARIES = YES;
				BUNDLE_LOADER = "$(TEST_HOST)";
				CODE_SIGN_STYLE = Automatic;
				CURRENT_PROJECT_VERSION = 1;
				DEVELOPMENT_TEAM = AJZ2G6CWG5;
				GENERATE_INFOPLIST_FILE = YES;
				IPHONEOS_DEPLOYMENT_TARGET = 14.0;
				LD_RUNPATH_SEARCH_PATHS = (
					"$(inherited)",
					"@executable_path/Frameworks",
					"@loader_path/Frameworks",
				);
				MARKETING_VERSION = 1.0;
				PRODUCT_BUNDLE_IDENTIFIER = com.nukopy.LandmarksTests;
				PRODUCT_NAME = "$(TARGET_NAME)";
				SWIFT_EMIT_LOC_STRINGS = NO;
				SWIFT_VERSION = 5.0;
				TARGETED_DEVICE_FAMILY = "1,2";
				TEST_HOST = "$(BUILT_PRODUCTS_DIR)/Landmarks.app/Landmarks";
			};
			name = Debug;
		};
		9C50C6F1271D6B7200611A51 /* Release */ = {
			isa = XCBuildConfiguration;
			buildSettings = {
				ALWAYS_EMBED_SWIFT_STANDARD_LIBRARIES = YES;
				BUNDLE_LOADER = "$(TEST_HOST)";
				CODE_SIGN_STYLE = Automatic;
				CURRENT_PROJECT_VERSION = 1;
				DEVELOPMENT_TEAM = AJZ2G6CWG5;
				GENERATE_INFOPLIST_FILE = YES;
				IPHONEOS_DEPLOYMENT_TARGET = 14.0;
				LD_RUNPATH_SEARCH_PATHS = (
					"$(inherited)",
					"@executable_path/Frameworks",
					"@loader_path/Frameworks",
				);
				MARKETING_VERSION = 1.0;
				PRODUCT_BUNDLE_IDENTIFIER = com.nukopy.LandmarksTests;
				PRODUCT_NAME = "$(TARGET_NAME)";
				SWIFT_EMIT_LOC_STRINGS = NO;
				SWIFT_VERSION = 5.0;
				TARGETED_DEVICE_FAMILY = "1,2";
				TEST_HOST = "$(BUILT_PRODUCTS_DIR)/Landmarks.app/Landmarks";
			};
			name = Release;
		};
		9C50C6F3271D6B7200611A51 /* Debug */ = {
			isa = XCBuildConfiguration;
			buildSettings = {
				ALWAYS_EMBED_SWIFT_STANDARD_LIBRARIES = YES;
				CODE_SIGN_STYLE = Automatic;
				CURRENT_PROJECT_VERSION = 1;
				DEVELOPMENT_TEAM = AJZ2G6CWG5;
				GENERATE_INFOPLIST_FILE = YES;
				LD_RUNPATH_SEARCH_PATHS = (
					"$(inherited)",
					"@executable_path/Frameworks",
					"@loader_path/Frameworks",
				);
				MARKETING_VERSION = 1.0;
				PRODUCT_BUNDLE_IDENTIFIER = com.nukopy.LandmarksUITests;
				PRODUCT_NAME = "$(TARGET_NAME)";
				SWIFT_EMIT_LOC_STRINGS = NO;
				SWIFT_VERSION = 5.0;
				TARGETED_DEVICE_FAMILY = "1,2";
				TEST_TARGET_NAME = Landmarks;
			};
			name = Debug;
		};
		9C50C6F4271D6B7200611A51 /* Release */ = {
			isa = XCBuildConfiguration;
			buildSettings = {
				ALWAYS_EMBED_SWIFT_STANDARD_LIBRARIES = YES;
				CODE_SIGN_STYLE = Automatic;
				CURRENT_PROJECT_VERSION = 1;
				DEVELOPMENT_TEAM = AJZ2G6CWG5;
				GENERATE_INFOPLIST_FILE = YES;
				LD_RUNPATH_SEARCH_PATHS = (
					"$(inherited)",
					"@executable_path/Frameworks",
					"@loader_path/Frameworks",
				);
				MARKETING_VERSION = 1.0;
				PRODUCT_BUNDLE_IDENTIFIER = com.nukopy.LandmarksUITests;
				PRODUCT_NAME = "$(TARGET_NAME)";
				SWIFT_EMIT_LOC_STRINGS = NO;
				SWIFT_VERSION = 5.0;
				TARGETED_DEVICE_FAMILY = "1,2";
				TEST_TARGET_NAME = Landmarks;
			};
			name = Release;
		};
/* End XCBuildConfiguration section */

/* Begin XCConfigurationList section */
		9C50C6C3271D6B7000611A51 /* Build configuration list for PBXProject "Landmarks" */ = {
			isa = XCConfigurationList;
			buildConfigurations = (
				9C50C6EA271D6B7200611A51 /* Debug */,
				9C50C6EB271D6B7200611A51 /* Release */,
			);
			defaultConfigurationIsVisible = 0;
			defaultConfigurationName = Release;
		};
		9C50C6EC271D6B7200611A51 /* Build configuration list for PBXNativeTarget "Landmarks" */ = {
			isa = XCConfigurationList;
			buildConfigurations = (
				9C50C6ED271D6B7200611A51 /* Debug */,
				9C50C6EE271D6B7200611A51 /* Release */,
			);
			defaultConfigurationIsVisible = 0;
			defaultConfigurationName = Release;
		};
		9C50C6EF271D6B7200611A51 /* Build configuration list for PBXNativeTarget "LandmarksTests" */ = {
			isa = XCConfigurationList;
			buildConfigurations = (
				9C50C6F0271D6B7200611A51 /* Debug */,
				9C50C6F1271D6B7200611A51 /* Release */,
			);
			defaultConfigurationIsVisible = 0;
			defaultConfigurationName = Release;
		};
		9C50C6F2271D6B7200611A51 /* Build configuration list for PBXNativeTarget "LandmarksUITests" */ = {
			isa = XCConfigurationList;
			buildConfigurations = (
				9C50C6F3271D6B7200611A51 /* Debug */,
				9C50C6F4271D6B7200611A51 /* Release */,
			);
			defaultConfigurationIsVisible = 0;
			defaultConfigurationName = Release;
		};
/* End XCConfigurationList section */
	};
	rootObject = 9C50C6C0271D6B7000611A51 /* Project object */;
}
